// !$*UTF8*$!
{
	archiveVersion = 1;
	classes = {
	};
	objectVersion = 46;
	objects = {

/* Begin PBXBuildFile section */
		491527751C5FCAAC00B91B23 /* AppDelegate.swift in Sources */ = {isa = PBXBuildFile; fileRef = 491527741C5FCAAC00B91B23 /* AppDelegate.swift */; };
		4915277A1C5FCAAC00B91B23 /* Main.storyboard in Resources */ = {isa = PBXBuildFile; fileRef = 491527781C5FCAAC00B91B23 /* Main.storyboard */; };
		4915277C1C5FCAAC00B91B23 /* Assets.xcassets in Resources */ = {isa = PBXBuildFile; fileRef = 4915277B1C5FCAAC00B91B23 /* Assets.xcassets */; };
		4915277F1C5FCAAC00B91B23 /* LaunchScreen.storyboard in Resources */ = {isa = PBXBuildFile; fileRef = 4915277D1C5FCAAC00B91B23 /* LaunchScreen.storyboard */; };
		4915278D1C5FCCAC00B91B23 /* MapViewController.swift in Sources */ = {isa = PBXBuildFile; fileRef = 4915278C1C5FCCAC00B91B23 /* MapViewController.swift */; };
		4915278F1C5FCCB700B91B23 /* TableViewController.swift in Sources */ = {isa = PBXBuildFile; fileRef = 4915278E1C5FCCB700B91B23 /* TableViewController.swift */; };
		491527911C5FCCCC00B91B23 /* DetailsViewController.swift in Sources */ = {isa = PBXBuildFile; fileRef = 491527901C5FCCCC00B91B23 /* DetailsViewController.swift */; };
		491527941C5FCEE400B91B23 /* MapKit.framework in Frameworks */ = {isa = PBXBuildFile; fileRef = 491527931C5FCEE400B91B23 /* MapKit.framework */; };
		491527961C5FCFEC00B91B23 /* CoreLocation.framework in Frameworks */ = {isa = PBXBuildFile; fileRef = 491527951C5FCFEC00B91B23 /* CoreLocation.framework */; };
		4915279A1C5FE48D00B91B23 /* CustomCell.swift in Sources */ = {isa = PBXBuildFile; fileRef = 491527991C5FE48D00B91B23 /* CustomCell.swift */; };
		49B151FA1C614C0E003F0A85 /* DataManager.swift in Sources */ = {isa = PBXBuildFile; fileRef = 49B151F91C614C0E003F0A85 /* DataManager.swift */; };
		49F686F31C61948100C28661 /* Alamofire.framework in Frameworks */ = {isa = PBXBuildFile; fileRef = 49F686F11C61948100C28661 /* Alamofire.framework */; };
		49F686F41C61948100C28661 /* SwiftyJSON.framework in Frameworks */ = {isa = PBXBuildFile; fileRef = 49F686F21C61948100C28661 /* SwiftyJSON.framework */; };
		49F686F71C61A2ED00C28661 /* City.swift in Sources */ = {isa = PBXBuildFile; fileRef = 49F686F61C61A2ED00C28661 /* City.swift */; };
/* End PBXBuildFile section */

/* Begin PBXFileReference section */
		491527711C5FCAAC00B91B23 /* open-weather.app */ = {isa = PBXFileReference; explicitFileType = wrapper.application; includeInIndex = 0; path = "open-weather.app"; sourceTree = BUILT_PRODUCTS_DIR; };
		491527741C5FCAAC00B91B23 /* AppDelegate.swift */ = {isa = PBXFileReference; lastKnownFileType = sourcecode.swift; path = AppDelegate.swift; sourceTree = "<group>"; };
		491527791C5FCAAC00B91B23 /* Base */ = {isa = PBXFileReference; lastKnownFileType = file.storyboard; name = Base; path = Base.lproj/Main.storyboard; sourceTree = "<group>"; };
		4915277B1C5FCAAC00B91B23 /* Assets.xcassets */ = {isa = PBXFileReference; lastKnownFileType = folder.assetcatalog; path = Assets.xcassets; sourceTree = "<group>"; };
		4915277E1C5FCAAC00B91B23 /* Base */ = {isa = PBXFileReference; lastKnownFileType = file.storyboard; name = Base; path = Base.lproj/LaunchScreen.storyboard; sourceTree = "<group>"; };
		491527801C5FCAAC00B91B23 /* Info.plist */ = {isa = PBXFileReference; lastKnownFileType = text.plist.xml; path = Info.plist; sourceTree = "<group>"; };
		491527861C5FCB2600B91B23 /* LICENSE */ = {isa = PBXFileReference; fileEncoding = 4; lastKnownFileType = text; path = LICENSE; sourceTree = "<group>"; };
		491527871C5FCB2600B91B23 /* README.md */ = {isa = PBXFileReference; fileEncoding = 4; lastKnownFileType = net.daringfireball.markdown; path = README.md; sourceTree = "<group>"; };
		4915278C1C5FCCAC00B91B23 /* MapViewController.swift */ = {isa = PBXFileReference; fileEncoding = 4; lastKnownFileType = sourcecode.swift; path = MapViewController.swift; sourceTree = "<group>"; };
		4915278E1C5FCCB700B91B23 /* TableViewController.swift */ = {isa = PBXFileReference; fileEncoding = 4; lastKnownFileType = sourcecode.swift; path = TableViewController.swift; sourceTree = "<group>"; };
		491527901C5FCCCC00B91B23 /* DetailsViewController.swift */ = {isa = PBXFileReference; fileEncoding = 4; lastKnownFileType = sourcecode.swift; path = DetailsViewController.swift; sourceTree = "<group>"; };
		491527931C5FCEE400B91B23 /* MapKit.framework */ = {isa = PBXFileReference; lastKnownFileType = wrapper.framework; name = MapKit.framework; path = System/Library/Frameworks/MapKit.framework; sourceTree = SDKROOT; };
		491527951C5FCFEC00B91B23 /* CoreLocation.framework */ = {isa = PBXFileReference; lastKnownFileType = wrapper.framework; name = CoreLocation.framework; path = System/Library/Frameworks/CoreLocation.framework; sourceTree = SDKROOT; };
		491527991C5FE48D00B91B23 /* CustomCell.swift */ = {isa = PBXFileReference; fileEncoding = 4; lastKnownFileType = sourcecode.swift; path = CustomCell.swift; sourceTree = "<group>"; };
		49B151F91C614C0E003F0A85 /* DataManager.swift */ = {isa = PBXFileReference; fileEncoding = 4; lastKnownFileType = sourcecode.swift; path = DataManager.swift; sourceTree = "<group>"; };
		49F686F11C61948100C28661 /* Alamofire.framework */ = {isa = PBXFileReference; lastKnownFileType = wrapper.framework; name = Alamofire.framework; path = Carthage/Build/iOS/Alamofire.framework; sourceTree = "<group>"; };
		49F686F21C61948100C28661 /* SwiftyJSON.framework */ = {isa = PBXFileReference; lastKnownFileType = wrapper.framework; name = SwiftyJSON.framework; path = Carthage/Build/iOS/SwiftyJSON.framework; sourceTree = "<group>"; };
		49F686F61C61A2ED00C28661 /* City.swift */ = {isa = PBXFileReference; fileEncoding = 4; lastKnownFileType = sourcecode.swift; path = City.swift; sourceTree = "<group>"; };
/* End PBXFileReference section */

/* Begin PBXFrameworksBuildPhase section */
		4915276E1C5FCAAC00B91B23 /* Frameworks */ = {
			isa = PBXFrameworksBuildPhase;
			buildActionMask = 2147483647;
			files = (
				49F686F31C61948100C28661 /* Alamofire.framework in Frameworks */,
				49F686F41C61948100C28661 /* SwiftyJSON.framework in Frameworks */,
				491527961C5FCFEC00B91B23 /* CoreLocation.framework in Frameworks */,
				491527941C5FCEE400B91B23 /* MapKit.framework in Frameworks */,
			);
			runOnlyForDeploymentPostprocessing = 0;
		};
/* End PBXFrameworksBuildPhase section */

/* Begin PBXGroup section */
		491527681C5FCAAB00B91B23 = {
			isa = PBXGroup;
			children = (
				491527861C5FCB2600B91B23 /* LICENSE */,
				491527871C5FCB2600B91B23 /* README.md */,
				4915278B1C5FCBCE00B91B23 /* Frameworks */,
				491527731C5FCAAC00B91B23 /* open-weather */,
				491527721C5FCAAC00B91B23 /* Products */,
			);
			sourceTree = "<group>";
		};
		491527721C5FCAAC00B91B23 /* Products */ = {
			isa = PBXGroup;
			children = (
				491527711C5FCAAC00B91B23 /* open-weather.app */,
			);
			name = Products;
			sourceTree = "<group>";
		};
		491527731C5FCAAC00B91B23 /* open-weather */ = {
			isa = PBXGroup;
			children = (
				491527921C5FCCD900B91B23 /* Controllers */,
				49F686F81C61A2F200C28661 /* Model */,
				4915278A1C5FCB3A00B91B23 /* Supporting Files */,
				4915279B1C5FE58900B91B23 /* Util */,
				491527741C5FCAAC00B91B23 /* AppDelegate.swift */,
				491527781C5FCAAC00B91B23 /* Main.storyboard */,
				4915277D1C5FCAAC00B91B23 /* LaunchScreen.storyboard */,
			);
			path = "open-weather";
			sourceTree = "<group>";
		};
		4915278A1C5FCB3A00B91B23 /* Supporting Files */ = {
			isa = PBXGroup;
			children = (
				4915277B1C5FCAAC00B91B23 /* Assets.xcassets */,
				491527801C5FCAAC00B91B23 /* Info.plist */,
			);
			name = "Supporting Files";
			sourceTree = "<group>";
		};
		4915278B1C5FCBCE00B91B23 /* Frameworks */ = {
			isa = PBXGroup;
			children = (
				49F686F11C61948100C28661 /* Alamofire.framework */,
				49F686F21C61948100C28661 /* SwiftyJSON.framework */,
				491527951C5FCFEC00B91B23 /* CoreLocation.framework */,
				491527931C5FCEE400B91B23 /* MapKit.framework */,
			);
			name = Frameworks;
			sourceTree = "<group>";
		};
		491527921C5FCCD900B91B23 /* Controllers */ = {
			isa = PBXGroup;
			children = (
				4915278C1C5FCCAC00B91B23 /* MapViewController.swift */,
				4915278E1C5FCCB700B91B23 /* TableViewController.swift */,
				491527901C5FCCCC00B91B23 /* DetailsViewController.swift */,
			);
			name = Controllers;
			sourceTree = "<group>";
		};
		4915279B1C5FE58900B91B23 /* Util */ = {
			isa = PBXGroup;
			children = (
				491527991C5FE48D00B91B23 /* CustomCell.swift */,
				49B151F91C614C0E003F0A85 /* DataManager.swift */,
			);
			name = Util;
			sourceTree = "<group>";
		};
		49F686F81C61A2F200C28661 /* Model */ = {
			isa = PBXGroup;
			children = (
				49F686F61C61A2ED00C28661 /* City.swift */,
			);
			name = Model;
			sourceTree = "<group>";
		};
/* End PBXGroup section */

/* Begin PBXNativeTarget section */
		491527701C5FCAAC00B91B23 /* open-weather */ = {
			isa = PBXNativeTarget;
			buildConfigurationList = 491527831C5FCAAC00B91B23 /* Build configuration list for PBXNativeTarget "open-weather" */;
			buildPhases = (
				4915276D1C5FCAAC00B91B23 /* Sources */,
				4915276E1C5FCAAC00B91B23 /* Frameworks */,
				4915276F1C5FCAAC00B91B23 /* Resources */,
				49F686F51C6194AC00C28661 /* ShellScript */,
			);
			buildRules = (
			);
			dependencies = (
			);
			name = "open-weather";
			productName = "open-weather";
			productReference = 491527711C5FCAAC00B91B23 /* open-weather.app */;
			productType = "com.apple.product-type.application";
		};
/* End PBXNativeTarget section */

/* Begin PBXProject section */
		491527691C5FCAAB00B91B23 /* Project object */ = {
			isa = PBXProject;
			attributes = {
				LastSwiftUpdateCheck = 0720;
				LastUpgradeCheck = 0720;
				ORGANIZATIONNAME = "Miguel Araújo";
				TargetAttributes = {
					491527701C5FCAAC00B91B23 = {
						CreatedOnToolsVersion = 7.2;
					};
				};
			};
			buildConfigurationList = 4915276C1C5FCAAB00B91B23 /* Build configuration list for PBXProject "open-weather" */;
			compatibilityVersion = "Xcode 3.2";
			developmentRegion = English;
			hasScannedForEncodings = 0;
			knownRegions = (
				en,
				Base,
			);
			mainGroup = 491527681C5FCAAB00B91B23;
			productRefGroup = 491527721C5FCAAC00B91B23 /* Products */;
			projectDirPath = "";
			projectRoot = "";
			targets = (
				491527701C5FCAAC00B91B23 /* open-weather */,
			);
		};
/* End PBXProject section */

/* Begin PBXResourcesBuildPhase section */
		4915276F1C5FCAAC00B91B23 /* Resources */ = {
			isa = PBXResourcesBuildPhase;
			buildActionMask = 2147483647;
			files = (
				4915277F1C5FCAAC00B91B23 /* LaunchScreen.storyboard in Resources */,
				4915277C1C5FCAAC00B91B23 /* Assets.xcassets in Resources */,
				4915277A1C5FCAAC00B91B23 /* Main.storyboard in Resources */,
			);
			runOnlyForDeploymentPostprocessing = 0;
		};
/* End PBXResourcesBuildPhase section */

/* Begin PBXShellScriptBuildPhase section */
		49F686F51C6194AC00C28661 /* ShellScript */ = {
			isa = PBXShellScriptBuildPhase;
			buildActionMask = 2147483647;
			files = (
			);
			inputPaths = (
				"$(SRCROOT)/Carthage/Build/iOS/Alamofire.framework",
				"$(SRCROOT)/Carthage/Build/iOS/SwiftyJSON.framework",
			);
			outputPaths = (
			);
			runOnlyForDeploymentPostprocessing = 0;
			shellPath = /bin/sh;
			shellScript = "/usr/local/bin/carthage copy-frameworks";
		};
/* End PBXShellScriptBuildPhase section */

/* Begin PBXSourcesBuildPhase section */
		4915276D1C5FCAAC00B91B23 /* Sources */ = {
			isa = PBXSourcesBuildPhase;
			buildActionMask = 2147483647;
			files = (
				4915278D1C5FCCAC00B91B23 /* MapViewController.swift in Sources */,
				49B151FA1C614C0E003F0A85 /* DataManager.swift in Sources */,
				491527751C5FCAAC00B91B23 /* AppDelegate.swift in Sources */,
				4915278F1C5FCCB700B91B23 /* TableViewController.swift in Sources */,
				4915279A1C5FE48D00B91B23 /* CustomCell.swift in Sources */,
				491527911C5FCCCC00B91B23 /* DetailsViewController.swift in Sources */,
				49F686F71C61A2ED00C28661 /* City.swift in Sources */,
			);
			runOnlyForDeploymentPostprocessing = 0;
		};
/* End PBXSourcesBuildPhase section */

/* Begin PBXVariantGroup section */
		491527781C5FCAAC00B91B23 /* Main.storyboard */ = {
			isa = PBXVariantGroup;
			children = (
				491527791C5FCAAC00B91B23 /* Base */,
			);
			name = Main.storyboard;
			sourceTree = "<group>";
		};
		4915277D1C5FCAAC00B91B23 /* LaunchScreen.storyboard */ = {
			isa = PBXVariantGroup;
			children = (
				4915277E1C5FCAAC00B91B23 /* Base */,
			);
			name = LaunchScreen.storyboard;
			sourceTree = "<group>";
		};
/* End PBXVariantGroup section */

/* Begin XCBuildConfiguration section */
		491527811C5FCAAC00B91B23 /* Debug */ = {
			isa = XCBuildConfiguration;
			buildSettings = {
				ALWAYS_SEARCH_USER_PATHS = NO;
				CLANG_CXX_LANGUAGE_STANDARD = "gnu++0x";
				CLANG_CXX_LIBRARY = "libc++";
				CLANG_ENABLE_MODULES = YES;
				CLANG_ENABLE_OBJC_ARC = YES;
				CLANG_WARN_BOOL_CONVERSION = YES;
				CLANG_WARN_CONSTANT_CONVERSION = YES;
				CLANG_WARN_DIRECT_OBJC_ISA_USAGE = YES_ERROR;
				CLANG_WARN_EMPTY_BODY = YES;
				CLANG_WARN_ENUM_CONVERSION = YES;
				CLANG_WARN_INT_CONVERSION = YES;
				CLANG_WARN_OBJC_ROOT_CLASS = YES_ERROR;
				CLANG_WARN_UNREACHABLE_CODE = YES;
				CLANG_WARN__DUPLICATE_METHOD_MATCH = YES;
				"CODE_SIGN_IDENTITY[sdk=iphoneos*]" = "iPhone Developer";
				COPY_PHASE_STRIP = NO;
				DEBUG_INFORMATION_FORMAT = dwarf;
				ENABLE_STRICT_OBJC_MSGSEND = YES;
				ENABLE_TESTABILITY = YES;
				GCC_C_LANGUAGE_STANDARD = gnu99;
				GCC_DYNAMIC_NO_PIC = NO;
				GCC_NO_COMMON_BLOCKS = YES;
				GCC_OPTIMIZATION_LEVEL = 0;
				GCC_PREPROCESSOR_DEFINITIONS = (
					"DEBUG=1",
					"$(inherited)",
				);
				GCC_WARN_64_TO_32_BIT_CONVERSION = YES;
				GCC_WARN_ABOUT_RETURN_TYPE = YES_ERROR;
				GCC_WARN_UNDECLARED_SELECTOR = YES;
				GCC_WARN_UNINITIALIZED_AUTOS = YES_AGGRESSIVE;
				GCC_WARN_UNUSED_FUNCTION = YES;
				GCC_WARN_UNUSED_VARIABLE = YES;
				IPHONEOS_DEPLOYMENT_TARGET = 9.2;
				MTL_ENABLE_DEBUG_INFO = YES;
				ONLY_ACTIVE_ARCH = YES;
				SDKROOT = iphoneos;
				SWIFT_OPTIMIZATION_LEVEL = "-Onone";
				TARGETED_DEVICE_FAMILY = "1,2";
			};
			name = Debug;
		};
		491527821C5FCAAC00B91B23 /* Release */ = {
			isa = XCBuildConfiguration;
			buildSettings = {
				ALWAYS_SEARCH_USER_PATHS = NO;
				CLANG_CXX_LANGUAGE_STANDARD = "gnu++0x";
				CLANG_CXX_LIBRARY = "libc++";
				CLANG_ENABLE_MODULES = YES;
				CLANG_ENABLE_OBJC_ARC = YES;
				CLANG_WARN_BOOL_CONVERSION = YES;
				CLANG_WARN_CONSTANT_CONVERSION = YES;
				CLANG_WARN_DIRECT_OBJC_ISA_USAGE = YES_ERROR;
				CLANG_WARN_EMPTY_BODY = YES;
				CLANG_WARN_ENUM_CONVERSION = YES;
				CLANG_WARN_INT_CONVERSION = YES;
				CLANG_WARN_OBJC_ROOT_CLASS = YES_ERROR;
				CLANG_WARN_UNREACHABLE_CODE = YES;
				CLANG_WARN__DUPLICATE_METHOD_MATCH = YES;
				"CODE_SIGN_IDENTITY[sdk=iphoneos*]" = "iPhone Developer";
				COPY_PHASE_STRIP = NO;
				DEBUG_INFORMATION_FORMAT = "dwarf-with-dsym";
				ENABLE_NS_ASSERTIONS = NO;
				ENABLE_STRICT_OBJC_MSGSEND = YES;
				GCC_C_LANGUAGE_STANDARD = gnu99;
				GCC_NO_COMMON_BLOCKS = YES;
				GCC_WARN_64_TO_32_BIT_CONVERSION = YES;
				GCC_WARN_ABOUT_RETURN_TYPE = YES_ERROR;
				GCC_WARN_UNDECLARED_SELECTOR = YES;
				GCC_WARN_UNINITIALIZED_AUTOS = YES_AGGRESSIVE;
				GCC_WARN_UNUSED_FUNCTION = YES;
				GCC_WARN_UNUSED_VARIABLE = YES;
				IPHONEOS_DEPLOYMENT_TARGET = 9.2;
				MTL_ENABLE_DEBUG_INFO = NO;
				SDKROOT = iphoneos;
				TARGETED_DEVICE_FAMILY = "1,2";
				VALIDATE_PRODUCT = YES;
			};
			name = Release;
		};
		491527841C5FCAAC00B91B23 /* Debug */ = {
			isa = XCBuildConfiguration;
			buildSettings = {
				ASSETCATALOG_COMPILER_APPICON_NAME = AppIcon;
				FRAMEWORK_SEARCH_PATHS = (
					"$(inherited)",
					"$(PROJECT_DIR)/Carthage/Build/iOS",
				);
				INFOPLIST_FILE = "open-weather/Info.plist";
				LD_RUNPATH_SEARCH_PATHS = "$(inherited) @executable_path/Frameworks";
				PRODUCT_BUNDLE_IDENTIFIER = "com.miguel.open-weather";
				PRODUCT_NAME = "$(TARGET_NAME)";
			};
			name = Debug;
		};
		491527851C5FCAAC00B91B23 /* Release */ = {
			isa = XCBuildConfiguration;
			buildSettings = {
				ASSETCATALOG_COMPILER_APPICON_NAME = AppIcon;
				FRAMEWORK_SEARCH_PATHS = (
					"$(inherited)",
					"$(PROJECT_DIR)/Carthage/Build/iOS",
				);
				INFOPLIST_FILE = "open-weather/Info.plist";
				LD_RUNPATH_SEARCH_PATHS = "$(inherited) @executable_path/Frameworks";
				PRODUCT_BUNDLE_IDENTIFIER = "com.miguel.open-weather";
				PRODUCT_NAME = "$(TARGET_NAME)";
			};
			name = Release;
		};
/* End XCBuildConfiguration section */

/* Begin XCConfigurationList section */
		4915276C1C5FCAAB00B91B23 /* Build configuration list for PBXProject "open-weather" */ = {
			isa = XCConfigurationList;
			buildConfigurations = (
				491527811C5FCAAC00B91B23 /* Debug */,
				491527821C5FCAAC00B91B23 /* Release */,
			);
			defaultConfigurationIsVisible = 0;
			defaultConfigurationName = Release;
		};
		491527831C5FCAAC00B91B23 /* Build configuration list for PBXNativeTarget "open-weather" */ = {
			isa = XCConfigurationList;
			buildConfigurations = (
				491527841C5FCAAC00B91B23 /* Debug */,
				491527851C5FCAAC00B91B23 /* Release */,
			);
			defaultConfigurationIsVisible = 0;
			defaultConfigurationName = Release;
		};
/* End XCConfigurationList section */
	};
	rootObject = 491527691C5FCAAB00B91B23 /* Project object */;
}
